// !$*UTF8*$!
{
	archiveVersion = 1;
	classes = {
	};
	objectVersion = 51;
	objects = {

/* Begin PBXBuildFile section */
		5005B4C625BD3199008AC0CC /* AppDelegate.swift in Sources */ = {isa = PBXBuildFile; fileRef = 5005B4C525BD3199008AC0CC /* AppDelegate.swift */; };
		5005B4C825BD3199008AC0CC /* SceneDelegate.swift in Sources */ = {isa = PBXBuildFile; fileRef = 5005B4C725BD3199008AC0CC /* SceneDelegate.swift */; };
		5005B4CA25BD3199008AC0CC /* MainViewController.swift in Sources */ = {isa = PBXBuildFile; fileRef = 5005B4C925BD3199008AC0CC /* MainViewController.swift */; };
		5005B4CD25BD3199008AC0CC /* Main.storyboard in Resources */ = {isa = PBXBuildFile; fileRef = 5005B4CB25BD3199008AC0CC /* Main.storyboard */; };
		5005B4D025BD3199008AC0CC /* Vocabear.xcdatamodeld in Sources */ = {isa = PBXBuildFile; fileRef = 5005B4CE25BD3199008AC0CC /* Vocabear.xcdatamodeld */; };
		5005B4D225BD319C008AC0CC /* Assets.xcassets in Resources */ = {isa = PBXBuildFile; fileRef = 5005B4D125BD319C008AC0CC /* Assets.xcassets */; };
		5005B4D525BD319C008AC0CC /* LaunchScreen.storyboard in Resources */ = {isa = PBXBuildFile; fileRef = 5005B4D325BD319C008AC0CC /* LaunchScreen.storyboard */; };
		5005B4E025BD319C008AC0CC /* VocabearTests.swift in Sources */ = {isa = PBXBuildFile; fileRef = 5005B4DF25BD319C008AC0CC /* VocabearTests.swift */; };
		5005B4EB25BD319C008AC0CC /* VocabearUITests.swift in Sources */ = {isa = PBXBuildFile; fileRef = 5005B4EA25BD319C008AC0CC /* VocabearUITests.swift */; };
		5005B50125BD345C008AC0CC /* FilterProcess.swift in Sources */ = {isa = PBXBuildFile; fileRef = 5005B50025BD345C008AC0CC /* FilterProcess.swift */; };
		5005B50A25BD34C9008AC0CC /* WordListFilter.swift in Sources */ = {isa = PBXBuildFile; fileRef = 5005B50925BD34C9008AC0CC /* WordListFilter.swift */; };
		5005B52025BD4385008AC0CC /* TableView.swift in Sources */ = {isa = PBXBuildFile; fileRef = 5005B51F25BD4385008AC0CC /* TableView.swift */; };
		5005B52F25BD4490008AC0CC /* TableViewCell.swift in Sources */ = {isa = PBXBuildFile; fileRef = 5005B52E25BD4490008AC0CC /* TableViewCell.swift */; };
		5005B53725BD44BD008AC0CC /* TableViewCell.xib in Resources */ = {isa = PBXBuildFile; fileRef = 5005B53625BD44BD008AC0CC /* TableViewCell.xib */; };
		5005B56A25BD794C008AC0CC /* GoogleService-Info.plist in Resources */ = {isa = PBXBuildFile; fileRef = 5005B56925BD794C008AC0CC /* GoogleService-Info.plist */; };
		50C67D3525BFBDFB005D7294 /* Firebase.swift in Sources */ = {isa = PBXBuildFile; fileRef = 50C67D3425BFBDFB005D7294 /* Firebase.swift */; };
		50C67D3A25BFBF0B005D7294 /* Vision.swift in Sources */ = {isa = PBXBuildFile; fileRef = 50C67D3925BFBF0B005D7294 /* Vision.swift */; };
		50C67D5425BFEDB2005D7294 /* CoreData.swift in Sources */ = {isa = PBXBuildFile; fileRef = 50C67D5325BFEDB2005D7294 /* CoreData.swift */; };
		50C67D5C25C295FB005D7294 /* ReviewVC.swift in Sources */ = {isa = PBXBuildFile; fileRef = 50C67D5B25C295FB005D7294 /* ReviewVC.swift */; };
		50C67D6225C2A038005D7294 /* TableViewForReviewVC.swift in Sources */ = {isa = PBXBuildFile; fileRef = 50C67D6125C2A038005D7294 /* TableViewForReviewVC.swift */; };
		50C67D7025C3E491005D7294 /* Observer.swift in Sources */ = {isa = PBXBuildFile; fileRef = 50C67D6F25C3E491005D7294 /* Observer.swift */; };
		50C67D7525C3F824005D7294 /* CoreDataForReviewVC.swift in Sources */ = {isa = PBXBuildFile; fileRef = 50C67D7425C3F824005D7294 /* CoreDataForReviewVC.swift */; };
		50C67D7D25C3FBAA005D7294 /* ObserverForReviewVC.swift in Sources */ = {isa = PBXBuildFile; fileRef = 50C67D7C25C3FBAA005D7294 /* ObserverForReviewVC.swift */; };
		50C67D8425C40AB4005D7294 /* MainViewUI.swift in Sources */ = {isa = PBXBuildFile; fileRef = 50C67D8325C40AB4005D7294 /* MainViewUI.swift */; };
		50C67D8C25C40AC6005D7294 /* ReviewViewUI.swift in Sources */ = {isa = PBXBuildFile; fileRef = 50C67D8B25C40AC6005D7294 /* ReviewViewUI.swift */; };
		684BFA4E33030C94412D35D4 /* Pods_VocabearTests.framework in Frameworks */ = {isa = PBXBuildFile; fileRef = 0DD1233BDF4A3394B82822B9 /* Pods_VocabearTests.framework */; };
		B88AD6629A62AD6657E13059 /* Pods_Vocabear.framework in Frameworks */ = {isa = PBXBuildFile; fileRef = 3D7A5476A8F6431BE272949F /* Pods_Vocabear.framework */; };
		DAF72983EB8A34E09360B892 /* Pods_Vocabear_VocabearUITests.framework in Frameworks */ = {isa = PBXBuildFile; fileRef = 58F3B4399E977A81B393D8C9 /* Pods_Vocabear_VocabearUITests.framework */; };
/* End PBXBuildFile section */

/* Begin PBXContainerItemProxy section */
		5005B4DC25BD319C008AC0CC /* PBXContainerItemProxy */ = {
			isa = PBXContainerItemProxy;
			containerPortal = 5005B4BA25BD3199008AC0CC /* Project object */;
			proxyType = 1;
			remoteGlobalIDString = 5005B4C125BD3199008AC0CC;
			remoteInfo = Vocabear;
		};
		5005B4E725BD319C008AC0CC /* PBXContainerItemProxy */ = {
			isa = PBXContainerItemProxy;
			containerPortal = 5005B4BA25BD3199008AC0CC /* Project object */;
			proxyType = 1;
			remoteGlobalIDString = 5005B4C125BD3199008AC0CC;
			remoteInfo = Vocabear;
		};
/* End PBXContainerItemProxy section */

/* Begin PBXFileReference section */
		0DD1233BDF4A3394B82822B9 /* Pods_VocabearTests.framework */ = {isa = PBXFileReference; explicitFileType = wrapper.framework; includeInIndex = 0; path = Pods_VocabearTests.framework; sourceTree = BUILT_PRODUCTS_DIR; };
		3D7A5476A8F6431BE272949F /* Pods_Vocabear.framework */ = {isa = PBXFileReference; explicitFileType = wrapper.framework; includeInIndex = 0; path = Pods_Vocabear.framework; sourceTree = BUILT_PRODUCTS_DIR; };
		4D820D83E4F2790C26959B8C /* Pods-Vocabear.release.xcconfig */ = {isa = PBXFileReference; includeInIndex = 1; lastKnownFileType = text.xcconfig; name = "Pods-Vocabear.release.xcconfig"; path = "Target Support Files/Pods-Vocabear/Pods-Vocabear.release.xcconfig"; sourceTree = "<group>"; };
		5005B4C225BD3199008AC0CC /* Vocabear.app */ = {isa = PBXFileReference; explicitFileType = wrapper.application; includeInIndex = 0; path = Vocabear.app; sourceTree = BUILT_PRODUCTS_DIR; };
		5005B4C525BD3199008AC0CC /* AppDelegate.swift */ = {isa = PBXFileReference; lastKnownFileType = sourcecode.swift; path = AppDelegate.swift; sourceTree = "<group>"; };
		5005B4C725BD3199008AC0CC /* SceneDelegate.swift */ = {isa = PBXFileReference; lastKnownFileType = sourcecode.swift; path = SceneDelegate.swift; sourceTree = "<group>"; };
		5005B4C925BD3199008AC0CC /* MainViewController.swift */ = {isa = PBXFileReference; lastKnownFileType = sourcecode.swift; path = MainViewController.swift; sourceTree = "<group>"; };
		5005B4CC25BD3199008AC0CC /* Base */ = {isa = PBXFileReference; lastKnownFileType = file.storyboard; name = Base; path = Base.lproj/Main.storyboard; sourceTree = "<group>"; };
		5005B4CF25BD3199008AC0CC /* Vocabear.xcdatamodel */ = {isa = PBXFileReference; lastKnownFileType = wrapper.xcdatamodel; path = Vocabear.xcdatamodel; sourceTree = "<group>"; };
		5005B4D125BD319C008AC0CC /* Assets.xcassets */ = {isa = PBXFileReference; lastKnownFileType = folder.assetcatalog; path = Assets.xcassets; sourceTree = "<group>"; };
		5005B4D425BD319C008AC0CC /* Base */ = {isa = PBXFileReference; lastKnownFileType = file.storyboard; name = Base; path = Base.lproj/LaunchScreen.storyboard; sourceTree = "<group>"; };
		5005B4D625BD319C008AC0CC /* Info.plist */ = {isa = PBXFileReference; lastKnownFileType = text.plist.xml; path = Info.plist; sourceTree = "<group>"; };
		5005B4DB25BD319C008AC0CC /* VocabearTests.xctest */ = {isa = PBXFileReference; explicitFileType = wrapper.cfbundle; includeInIndex = 0; path = VocabearTests.xctest; sourceTree = BUILT_PRODUCTS_DIR; };
		5005B4DF25BD319C008AC0CC /* VocabearTests.swift */ = {isa = PBXFileReference; lastKnownFileType = sourcecode.swift; path = VocabearTests.swift; sourceTree = "<group>"; };
		5005B4E125BD319C008AC0CC /* Info.plist */ = {isa = PBXFileReference; lastKnownFileType = text.plist.xml; path = Info.plist; sourceTree = "<group>"; };
		5005B4E625BD319C008AC0CC /* VocabearUITests.xctest */ = {isa = PBXFileReference; explicitFileType = wrapper.cfbundle; includeInIndex = 0; path = VocabearUITests.xctest; sourceTree = BUILT_PRODUCTS_DIR; };
		5005B4EA25BD319C008AC0CC /* VocabearUITests.swift */ = {isa = PBXFileReference; lastKnownFileType = sourcecode.swift; path = VocabearUITests.swift; sourceTree = "<group>"; };
		5005B4EC25BD319C008AC0CC /* Info.plist */ = {isa = PBXFileReference; lastKnownFileType = text.plist.xml; path = Info.plist; sourceTree = "<group>"; };
		5005B50025BD345C008AC0CC /* FilterProcess.swift */ = {isa = PBXFileReference; lastKnownFileType = sourcecode.swift; path = FilterProcess.swift; sourceTree = "<group>"; };
		5005B50925BD34C9008AC0CC /* WordListFilter.swift */ = {isa = PBXFileReference; lastKnownFileType = sourcecode.swift; path = WordListFilter.swift; sourceTree = "<group>"; };
		5005B51F25BD4385008AC0CC /* TableView.swift */ = {isa = PBXFileReference; lastKnownFileType = sourcecode.swift; path = TableView.swift; sourceTree = "<group>"; };
		5005B52E25BD4490008AC0CC /* TableViewCell.swift */ = {isa = PBXFileReference; lastKnownFileType = sourcecode.swift; path = TableViewCell.swift; sourceTree = "<group>"; };
		5005B53625BD44BD008AC0CC /* TableViewCell.xib */ = {isa = PBXFileReference; fileEncoding = 4; lastKnownFileType = file.xib; path = TableViewCell.xib; sourceTree = "<group>"; };
		5005B56925BD794C008AC0CC /* GoogleService-Info.plist */ = {isa = PBXFileReference; fileEncoding = 4; lastKnownFileType = text.plist.xml; path = "GoogleService-Info.plist"; sourceTree = "<group>"; };
		50C67D3425BFBDFB005D7294 /* Firebase.swift */ = {isa = PBXFileReference; lastKnownFileType = sourcecode.swift; path = Firebase.swift; sourceTree = "<group>"; };
		50C67D3925BFBF0B005D7294 /* Vision.swift */ = {isa = PBXFileReference; lastKnownFileType = sourcecode.swift; path = Vision.swift; sourceTree = "<group>"; };
		50C67D5325BFEDB2005D7294 /* CoreData.swift */ = {isa = PBXFileReference; lastKnownFileType = sourcecode.swift; path = CoreData.swift; sourceTree = "<group>"; };
		50C67D5B25C295FB005D7294 /* ReviewVC.swift */ = {isa = PBXFileReference; lastKnownFileType = sourcecode.swift; path = ReviewVC.swift; sourceTree = "<group>"; };
		50C67D6125C2A038005D7294 /* TableViewForReviewVC.swift */ = {isa = PBXFileReference; lastKnownFileType = sourcecode.swift; path = TableViewForReviewVC.swift; sourceTree = "<group>"; };
		50C67D6F25C3E491005D7294 /* Observer.swift */ = {isa = PBXFileReference; lastKnownFileType = sourcecode.swift; path = Observer.swift; sourceTree = "<group>"; };
		50C67D7425C3F824005D7294 /* CoreDataForReviewVC.swift */ = {isa = PBXFileReference; lastKnownFileType = sourcecode.swift; path = CoreDataForReviewVC.swift; sourceTree = "<group>"; };
		50C67D7C25C3FBAA005D7294 /* ObserverForReviewVC.swift */ = {isa = PBXFileReference; lastKnownFileType = sourcecode.swift; path = ObserverForReviewVC.swift; sourceTree = "<group>"; };
		50C67D8325C40AB4005D7294 /* MainViewUI.swift */ = {isa = PBXFileReference; lastKnownFileType = sourcecode.swift; path = MainViewUI.swift; sourceTree = "<group>"; };
		50C67D8B25C40AC6005D7294 /* ReviewViewUI.swift */ = {isa = PBXFileReference; lastKnownFileType = sourcecode.swift; path = ReviewViewUI.swift; sourceTree = "<group>"; };
		58F3B4399E977A81B393D8C9 /* Pods_Vocabear_VocabearUITests.framework */ = {isa = PBXFileReference; explicitFileType = wrapper.framework; includeInIndex = 0; path = Pods_Vocabear_VocabearUITests.framework; sourceTree = BUILT_PRODUCTS_DIR; };
		66353DB0DA2125F2BCC500EE /* Pods-Vocabear-VocabearUITests.release.xcconfig */ = {isa = PBXFileReference; includeInIndex = 1; lastKnownFileType = text.xcconfig; name = "Pods-Vocabear-VocabearUITests.release.xcconfig"; path = "Target Support Files/Pods-Vocabear-VocabearUITests/Pods-Vocabear-VocabearUITests.release.xcconfig"; sourceTree = "<group>"; };
		6C0BB68FC03D5B6BA69CBD67 /* Pods-Vocabear-VocabearUITests.debug.xcconfig */ = {isa = PBXFileReference; includeInIndex = 1; lastKnownFileType = text.xcconfig; name = "Pods-Vocabear-VocabearUITests.debug.xcconfig"; path = "Target Support Files/Pods-Vocabear-VocabearUITests/Pods-Vocabear-VocabearUITests.debug.xcconfig"; sourceTree = "<group>"; };
		713465BBE288FD960CEC0FE6 /* Pods-VocabearTests.release.xcconfig */ = {isa = PBXFileReference; includeInIndex = 1; lastKnownFileType = text.xcconfig; name = "Pods-VocabearTests.release.xcconfig"; path = "Target Support Files/Pods-VocabearTests/Pods-VocabearTests.release.xcconfig"; sourceTree = "<group>"; };
		BF2F0C5D1B6B9AEE1A022B67 /* Pods-VocabearTests.debug.xcconfig */ = {isa = PBXFileReference; includeInIndex = 1; lastKnownFileType = text.xcconfig; name = "Pods-VocabearTests.debug.xcconfig"; path = "Target Support Files/Pods-VocabearTests/Pods-VocabearTests.debug.xcconfig"; sourceTree = "<group>"; };
		C5B8AC1FBEEB093189F840F5 /* Pods-Vocabear.debug.xcconfig */ = {isa = PBXFileReference; includeInIndex = 1; lastKnownFileType = text.xcconfig; name = "Pods-Vocabear.debug.xcconfig"; path = "Target Support Files/Pods-Vocabear/Pods-Vocabear.debug.xcconfig"; sourceTree = "<group>"; };
/* End PBXFileReference section */

/* Begin PBXFrameworksBuildPhase section */
		5005B4BF25BD3199008AC0CC /* Frameworks */ = {
			isa = PBXFrameworksBuildPhase;
			buildActionMask = 2147483647;
			files = (
				B88AD6629A62AD6657E13059 /* Pods_Vocabear.framework in Frameworks */,
			);
			runOnlyForDeploymentPostprocessing = 0;
		};
		5005B4D825BD319C008AC0CC /* Frameworks */ = {
			isa = PBXFrameworksBuildPhase;
			buildActionMask = 2147483647;
			files = (
				684BFA4E33030C94412D35D4 /* Pods_VocabearTests.framework in Frameworks */,
			);
			runOnlyForDeploymentPostprocessing = 0;
		};
		5005B4E325BD319C008AC0CC /* Frameworks */ = {
			isa = PBXFrameworksBuildPhase;
			buildActionMask = 2147483647;
			files = (
				DAF72983EB8A34E09360B892 /* Pods_Vocabear_VocabearUITests.framework in Frameworks */,
			);
			runOnlyForDeploymentPostprocessing = 0;
		};
/* End PBXFrameworksBuildPhase section */

/* Begin PBXGroup section */
		0BC4E53D20A56C2CD5F084FD /* Pods */ = {
			isa = PBXGroup;
			children = (
				C5B8AC1FBEEB093189F840F5 /* Pods-Vocabear.debug.xcconfig */,
				4D820D83E4F2790C26959B8C /* Pods-Vocabear.release.xcconfig */,
				6C0BB68FC03D5B6BA69CBD67 /* Pods-Vocabear-VocabearUITests.debug.xcconfig */,
				66353DB0DA2125F2BCC500EE /* Pods-Vocabear-VocabearUITests.release.xcconfig */,
				BF2F0C5D1B6B9AEE1A022B67 /* Pods-VocabearTests.debug.xcconfig */,
				713465BBE288FD960CEC0FE6 /* Pods-VocabearTests.release.xcconfig */,
			);
			path = Pods;
			sourceTree = "<group>";
		};
		239FBDEDA260B2DF7BBEEE5B /* Frameworks */ = {
			isa = PBXGroup;
			children = (
				3D7A5476A8F6431BE272949F /* Pods_Vocabear.framework */,
				58F3B4399E977A81B393D8C9 /* Pods_Vocabear_VocabearUITests.framework */,
				0DD1233BDF4A3394B82822B9 /* Pods_VocabearTests.framework */,
			);
			name = Frameworks;
			sourceTree = "<group>";
		};
		5005B4B925BD3199008AC0CC = {
			isa = PBXGroup;
			children = (
				5005B4C425BD3199008AC0CC /* Vocabear */,
				5005B4DE25BD319C008AC0CC /* VocabearTests */,
				5005B4E925BD319C008AC0CC /* VocabearUITests */,
				5005B4C325BD3199008AC0CC /* Products */,
				0BC4E53D20A56C2CD5F084FD /* Pods */,
				239FBDEDA260B2DF7BBEEE5B /* Frameworks */,
			);
			sourceTree = "<group>";
		};
		5005B4C325BD3199008AC0CC /* Products */ = {
			isa = PBXGroup;
			children = (
				5005B4C225BD3199008AC0CC /* Vocabear.app */,
				5005B4DB25BD319C008AC0CC /* VocabearTests.xctest */,
				5005B4E625BD319C008AC0CC /* VocabearUITests.xctest */,
			);
			name = Products;
			sourceTree = "<group>";
		};
		5005B4C425BD3199008AC0CC /* Vocabear */ = {
			isa = PBXGroup;
			children = (
				5005B56925BD794C008AC0CC /* GoogleService-Info.plist */,
				5005B52C25BD4447008AC0CC /* Model */,
				5005B4FF25BD342A008AC0CC /* Controller */,
				5005B4FE25BD33FE008AC0CC /* View */,
				5005B4C525BD3199008AC0CC /* AppDelegate.swift */,
				5005B4C725BD3199008AC0CC /* SceneDelegate.swift */,
				5005B4D125BD319C008AC0CC /* Assets.xcassets */,
				5005B4D625BD319C008AC0CC /* Info.plist */,
				5005B4CE25BD3199008AC0CC /* Vocabear.xcdatamodeld */,
			);
			path = Vocabear;
			sourceTree = "<group>";
		};
		5005B4DE25BD319C008AC0CC /* VocabearTests */ = {
			isa = PBXGroup;
			children = (
				5005B4DF25BD319C008AC0CC /* VocabearTests.swift */,
				5005B4E125BD319C008AC0CC /* Info.plist */,
			);
			path = VocabearTests;
			sourceTree = "<group>";
		};
		5005B4E925BD319C008AC0CC /* VocabearUITests */ = {
			isa = PBXGroup;
			children = (
				5005B4EA25BD319C008AC0CC /* VocabearUITests.swift */,
				5005B4EC25BD319C008AC0CC /* Info.plist */,
			);
			path = VocabearUITests;
			sourceTree = "<group>";
		};
		5005B4FE25BD33FE008AC0CC /* View */ = {
			isa = PBXGroup;
			children = (
				5005B4CB25BD3199008AC0CC /* Main.storyboard */,
				5005B4D325BD319C008AC0CC /* LaunchScreen.storyboard */,
			);
			path = View;
			sourceTree = "<group>";
		};
		5005B4FF25BD342A008AC0CC /* Controller */ = {
			isa = PBXGroup;
			children = (
				50C67D6025C2A00E005D7294 /* ExtensionsForReviewVC */,
				5005B51625BD3BC2008AC0CC /* ExtensionsForMainVC */,
				5005B4C925BD3199008AC0CC /* MainViewController.swift */,
				5005B50025BD345C008AC0CC /* FilterProcess.swift */,
				50C67D5B25C295FB005D7294 /* ReviewVC.swift */,
			);
			path = Controller;
			sourceTree = "<group>";
		};
		5005B51625BD3BC2008AC0CC /* ExtensionsForMainVC */ = {
			isa = PBXGroup;
			children = (
				5005B51F25BD4385008AC0CC /* TableView.swift */,
				50C67D3425BFBDFB005D7294 /* Firebase.swift */,
				50C67D3925BFBF0B005D7294 /* Vision.swift */,
				50C67D5325BFEDB2005D7294 /* CoreData.swift */,
				50C67D6F25C3E491005D7294 /* Observer.swift */,
			);
			path = ExtensionsForMainVC;
			sourceTree = "<group>";
		};
		5005B52C25BD4447008AC0CC /* Model */ = {
			isa = PBXGroup;
			children = (
				5005B50925BD34C9008AC0CC /* WordListFilter.swift */,
				50C67D8125C40A7A005D7294 /* UI */,
				5005B52D25BD444E008AC0CC /* Cell */,
			);
			path = Model;
			sourceTree = "<group>";
		};
		5005B52D25BD444E008AC0CC /* Cell */ = {
			isa = PBXGroup;
			children = (
				5005B53625BD44BD008AC0CC /* TableViewCell.xib */,
				5005B52E25BD4490008AC0CC /* TableViewCell.swift */,
			);
			path = Cell;
			sourceTree = "<group>";
		};
		50C67D6025C2A00E005D7294 /* ExtensionsForReviewVC */ = {
			isa = PBXGroup;
			children = (
				50C67D6125C2A038005D7294 /* TableViewForReviewVC.swift */,
				50C67D7425C3F824005D7294 /* CoreDataForReviewVC.swift */,
				50C67D7C25C3FBAA005D7294 /* ObserverForReviewVC.swift */,
			);
			path = ExtensionsForReviewVC;
			sourceTree = "<group>";
		};
		50C67D8125C40A7A005D7294 /* UI */ = {
			isa = PBXGroup;
			children = (
				50C67D8325C40AB4005D7294 /* MainViewUI.swift */,
				50C67D8B25C40AC6005D7294 /* ReviewViewUI.swift */,
			);
			path = UI;
			sourceTree = "<group>";
		};
/* End PBXGroup section */

/* Begin PBXNativeTarget section */
		5005B4C125BD3199008AC0CC /* Vocabear */ = {
			isa = PBXNativeTarget;
			buildConfigurationList = 5005B4EF25BD319C008AC0CC /* Build configuration list for PBXNativeTarget "Vocabear" */;
			buildPhases = (
				D49A47143458BC22796083DE /* [CP] Check Pods Manifest.lock */,
				5005B4BE25BD3199008AC0CC /* Sources */,
				5005B4BF25BD3199008AC0CC /* Frameworks */,
				5005B4C025BD3199008AC0CC /* Resources */,
				D5FEC04640F08224452D99D5 /* [CP] Embed Pods Frameworks */,
			);
			buildRules = (
			);
			dependencies = (
			);
			name = Vocabear;
			productName = Vocabear;
			productReference = 5005B4C225BD3199008AC0CC /* Vocabear.app */;
			productType = "com.apple.product-type.application";
		};
		5005B4DA25BD319C008AC0CC /* VocabearTests */ = {
			isa = PBXNativeTarget;
			buildConfigurationList = 5005B4F225BD319C008AC0CC /* Build configuration list for PBXNativeTarget "VocabearTests" */;
			buildPhases = (
				AB57AD04953DBEE82912EB6D /* [CP] Check Pods Manifest.lock */,
				5005B4D725BD319C008AC0CC /* Sources */,
				5005B4D825BD319C008AC0CC /* Frameworks */,
				5005B4D925BD319C008AC0CC /* Resources */,
			);
			buildRules = (
			);
			dependencies = (
				5005B4DD25BD319C008AC0CC /* PBXTargetDependency */,
			);
			name = VocabearTests;
			productName = VocabearTests;
			productReference = 5005B4DB25BD319C008AC0CC /* VocabearTests.xctest */;
			productType = "com.apple.product-type.bundle.unit-test";
		};
		5005B4E525BD319C008AC0CC /* VocabearUITests */ = {
			isa = PBXNativeTarget;
			buildConfigurationList = 5005B4F525BD319C008AC0CC /* Build configuration list for PBXNativeTarget "VocabearUITests" */;
			buildPhases = (
				9A49162B3BC62F5DFF18DE80 /* [CP] Check Pods Manifest.lock */,
				5005B4E225BD319C008AC0CC /* Sources */,
				5005B4E325BD319C008AC0CC /* Frameworks */,
				5005B4E425BD319C008AC0CC /* Resources */,
				859EDEAC7477EA2DC63D1F7C /* [CP] Embed Pods Frameworks */,
			);
			buildRules = (
			);
			dependencies = (
				5005B4E825BD319C008AC0CC /* PBXTargetDependency */,
			);
			name = VocabearUITests;
			productName = VocabearUITests;
			productReference = 5005B4E625BD319C008AC0CC /* VocabearUITests.xctest */;
			productType = "com.apple.product-type.bundle.ui-testing";
		};
/* End PBXNativeTarget section */

/* Begin PBXProject section */
		5005B4BA25BD3199008AC0CC /* Project object */ = {
			isa = PBXProject;
			attributes = {
				LastSwiftUpdateCheck = 1230;
				LastUpgradeCheck = 1230;
				TargetAttributes = {
					5005B4C125BD3199008AC0CC = {
						CreatedOnToolsVersion = 12.3;
					};
					5005B4DA25BD319C008AC0CC = {
						CreatedOnToolsVersion = 12.3;
						TestTargetID = 5005B4C125BD3199008AC0CC;
					};
					5005B4E525BD319C008AC0CC = {
						CreatedOnToolsVersion = 12.3;
						TestTargetID = 5005B4C125BD3199008AC0CC;
					};
				};
			};
			buildConfigurationList = 5005B4BD25BD3199008AC0CC /* Build configuration list for PBXProject "Vocabear" */;
			compatibilityVersion = "Xcode 9.3";
			developmentRegion = en;
			hasScannedForEncodings = 0;
			knownRegions = (
				en,
				Base,
			);
			mainGroup = 5005B4B925BD3199008AC0CC;
			productRefGroup = 5005B4C325BD3199008AC0CC /* Products */;
			projectDirPath = "";
			projectRoot = "";
			targets = (
				5005B4C125BD3199008AC0CC /* Vocabear */,
				5005B4DA25BD319C008AC0CC /* VocabearTests */,
				5005B4E525BD319C008AC0CC /* VocabearUITests */,
			);
		};
/* End PBXProject section */

/* Begin PBXResourcesBuildPhase section */
		5005B4C025BD3199008AC0CC /* Resources */ = {
			isa = PBXResourcesBuildPhase;
			buildActionMask = 2147483647;
			files = (
				5005B4D525BD319C008AC0CC /* LaunchScreen.storyboard in Resources */,
				5005B53725BD44BD008AC0CC /* TableViewCell.xib in Resources */,
				5005B56A25BD794C008AC0CC /* GoogleService-Info.plist in Resources */,
				5005B4D225BD319C008AC0CC /* Assets.xcassets in Resources */,
				5005B4CD25BD3199008AC0CC /* Main.storyboard in Resources */,
			);
			runOnlyForDeploymentPostprocessing = 0;
		};
		5005B4D925BD319C008AC0CC /* Resources */ = {
			isa = PBXResourcesBuildPhase;
			buildActionMask = 2147483647;
			files = (
			);
			runOnlyForDeploymentPostprocessing = 0;
		};
		5005B4E425BD319C008AC0CC /* Resources */ = {
			isa = PBXResourcesBuildPhase;
			buildActionMask = 2147483647;
			files = (
			);
			runOnlyForDeploymentPostprocessing = 0;
		};
/* End PBXResourcesBuildPhase section */

/* Begin PBXShellScriptBuildPhase section */
		859EDEAC7477EA2DC63D1F7C /* [CP] Embed Pods Frameworks */ = {
			isa = PBXShellScriptBuildPhase;
			buildActionMask = 2147483647;
			files = (
			);
			inputFileListPaths = (
				"${PODS_ROOT}/Target Support Files/Pods-Vocabear-VocabearUITests/Pods-Vocabear-VocabearUITests-frameworks-${CONFIGURATION}-input-files.xcfilelist",
			);
			name = "[CP] Embed Pods Frameworks";
			outputFileListPaths = (
				"${PODS_ROOT}/Target Support Files/Pods-Vocabear-VocabearUITests/Pods-Vocabear-VocabearUITests-frameworks-${CONFIGURATION}-output-files.xcfilelist",
			);
			runOnlyForDeploymentPostprocessing = 0;
			shellPath = /bin/sh;
			shellScript = "\"${PODS_ROOT}/Target Support Files/Pods-Vocabear-VocabearUITests/Pods-Vocabear-VocabearUITests-frameworks.sh\"\n";
			showEnvVarsInLog = 0;
		};
		9A49162B3BC62F5DFF18DE80 /* [CP] Check Pods Manifest.lock */ = {
			isa = PBXShellScriptBuildPhase;
			buildActionMask = 2147483647;
			files = (
			);
			inputFileListPaths = (
			);
			inputPaths = (
				"${PODS_PODFILE_DIR_PATH}/Podfile.lock",
				"${PODS_ROOT}/Manifest.lock",
			);
			name = "[CP] Check Pods Manifest.lock";
			outputFileListPaths = (
			);
			outputPaths = (
				"$(DERIVED_FILE_DIR)/Pods-Vocabear-VocabearUITests-checkManifestLockResult.txt",
			);
			runOnlyForDeploymentPostprocessing = 0;
			shellPath = /bin/sh;
			shellScript = "diff \"${PODS_PODFILE_DIR_PATH}/Podfile.lock\" \"${PODS_ROOT}/Manifest.lock\" > /dev/null\nif [ $? != 0 ] ; then\n    # print error to STDERR\n    echo \"error: The sandbox is not in sync with the Podfile.lock. Run 'pod install' or update your CocoaPods installation.\" >&2\n    exit 1\nfi\n# This output is used by Xcode 'outputs' to avoid re-running this script phase.\necho \"SUCCESS\" > \"${SCRIPT_OUTPUT_FILE_0}\"\n";
			showEnvVarsInLog = 0;
		};
		AB57AD04953DBEE82912EB6D /* [CP] Check Pods Manifest.lock */ = {
			isa = PBXShellScriptBuildPhase;
			buildActionMask = 2147483647;
			files = (
			);
			inputFileListPaths = (
			);
			inputPaths = (
				"${PODS_PODFILE_DIR_PATH}/Podfile.lock",
				"${PODS_ROOT}/Manifest.lock",
			);
			name = "[CP] Check Pods Manifest.lock";
			outputFileListPaths = (
			);
			outputPaths = (
				"$(DERIVED_FILE_DIR)/Pods-VocabearTests-checkManifestLockResult.txt",
			);
			runOnlyForDeploymentPostprocessing = 0;
			shellPath = /bin/sh;
			shellScript = "diff \"${PODS_PODFILE_DIR_PATH}/Podfile.lock\" \"${PODS_ROOT}/Manifest.lock\" > /dev/null\nif [ $? != 0 ] ; then\n    # print error to STDERR\n    echo \"error: The sandbox is not in sync with the Podfile.lock. Run 'pod install' or update your CocoaPods installation.\" >&2\n    exit 1\nfi\n# This output is used by Xcode 'outputs' to avoid re-running this script phase.\necho \"SUCCESS\" > \"${SCRIPT_OUTPUT_FILE_0}\"\n";
			showEnvVarsInLog = 0;
		};
		D49A47143458BC22796083DE /* [CP] Check Pods Manifest.lock */ = {
			isa = PBXShellScriptBuildPhase;
			buildActionMask = 2147483647;
			files = (
			);
			inputFileListPaths = (
			);
			inputPaths = (
				"${PODS_PODFILE_DIR_PATH}/Podfile.lock",
				"${PODS_ROOT}/Manifest.lock",
			);
			name = "[CP] Check Pods Manifest.lock";
			outputFileListPaths = (
			);
			outputPaths = (
				"$(DERIVED_FILE_DIR)/Pods-Vocabear-checkManifestLockResult.txt",
			);
			runOnlyForDeploymentPostprocessing = 0;
			shellPath = /bin/sh;
			shellScript = "diff \"${PODS_PODFILE_DIR_PATH}/Podfile.lock\" \"${PODS_ROOT}/Manifest.lock\" > /dev/null\nif [ $? != 0 ] ; then\n    # print error to STDERR\n    echo \"error: The sandbox is not in sync with the Podfile.lock. Run 'pod install' or update your CocoaPods installation.\" >&2\n    exit 1\nfi\n# This output is used by Xcode 'outputs' to avoid re-running this script phase.\necho \"SUCCESS\" > \"${SCRIPT_OUTPUT_FILE_0}\"\n";
			showEnvVarsInLog = 0;
		};
		D5FEC04640F08224452D99D5 /* [CP] Embed Pods Frameworks */ = {
			isa = PBXShellScriptBuildPhase;
			buildActionMask = 2147483647;
			files = (
			);
			inputFileListPaths = (
				"${PODS_ROOT}/Target Support Files/Pods-Vocabear/Pods-Vocabear-frameworks-${CONFIGURATION}-input-files.xcfilelist",
			);
			name = "[CP] Embed Pods Frameworks";
			outputFileListPaths = (
				"${PODS_ROOT}/Target Support Files/Pods-Vocabear/Pods-Vocabear-frameworks-${CONFIGURATION}-output-files.xcfilelist",
			);
			runOnlyForDeploymentPostprocessing = 0;
			shellPath = /bin/sh;
			shellScript = "\"${PODS_ROOT}/Target Support Files/Pods-Vocabear/Pods-Vocabear-frameworks.sh\"\n";
			showEnvVarsInLog = 0;
		};
/* End PBXShellScriptBuildPhase section */

/* Begin PBXSourcesBuildPhase section */
		5005B4BE25BD3199008AC0CC /* Sources */ = {
			isa = PBXSourcesBuildPhase;
			buildActionMask = 2147483647;
			files = (
				50C67D6225C2A038005D7294 /* TableViewForReviewVC.swift in Sources */,
				50C67D5425BFEDB2005D7294 /* CoreData.swift in Sources */,
				50C67D5C25C295FB005D7294 /* ReviewVC.swift in Sources */,
				5005B50A25BD34C9008AC0CC /* WordListFilter.swift in Sources */,
				5005B50125BD345C008AC0CC /* FilterProcess.swift in Sources */,
				50C67D3A25BFBF0B005D7294 /* Vision.swift in Sources */,
				50C67D7525C3F824005D7294 /* CoreDataForReviewVC.swift in Sources */,
				5005B4D025BD3199008AC0CC /* Vocabear.xcdatamodeld in Sources */,
				5005B52F25BD4490008AC0CC /* TableViewCell.swift in Sources */,
				5005B4CA25BD3199008AC0CC /* MainViewController.swift in Sources */,
				50C67D3525BFBDFB005D7294 /* Firebase.swift in Sources */,
				5005B52025BD4385008AC0CC /* TableView.swift in Sources */,
				5005B4C625BD3199008AC0CC /* AppDelegate.swift in Sources */,
				5005B4C825BD3199008AC0CC /* SceneDelegate.swift in Sources */,
				50C67D8C25C40AC6005D7294 /* ReviewViewUI.swift in Sources */,
				50C67D7D25C3FBAA005D7294 /* ObserverForReviewVC.swift in Sources */,
				50C67D7025C3E491005D7294 /* Observer.swift in Sources */,
				50C67D8425C40AB4005D7294 /* MainViewUI.swift in Sources */,
			);
			runOnlyForDeploymentPostprocessing = 0;
		};
		5005B4D725BD319C008AC0CC /* Sources */ = {
			isa = PBXSourcesBuildPhase;
			buildActionMask = 2147483647;
			files = (
				5005B4E025BD319C008AC0CC /* VocabearTests.swift in Sources */,
			);
			runOnlyForDeploymentPostprocessing = 0;
		};
		5005B4E225BD319C008AC0CC /* Sources */ = {
			isa = PBXSourcesBuildPhase;
			buildActionMask = 2147483647;
			files = (
				5005B4EB25BD319C008AC0CC /* VocabearUITests.swift in Sources */,
			);
			runOnlyForDeploymentPostprocessing = 0;
		};
/* End PBXSourcesBuildPhase section */

/* Begin PBXTargetDependency section */
		5005B4DD25BD319C008AC0CC /* PBXTargetDependency */ = {
			isa = PBXTargetDependency;
			target = 5005B4C125BD3199008AC0CC /* Vocabear */;
			targetProxy = 5005B4DC25BD319C008AC0CC /* PBXContainerItemProxy */;
		};
		5005B4E825BD319C008AC0CC /* PBXTargetDependency */ = {
			isa = PBXTargetDependency;
			target = 5005B4C125BD3199008AC0CC /* Vocabear */;
			targetProxy = 5005B4E725BD319C008AC0CC /* PBXContainerItemProxy */;
		};
/* End PBXTargetDependency section */

/* Begin PBXVariantGroup section */
		5005B4CB25BD3199008AC0CC /* Main.storyboard */ = {
			isa = PBXVariantGroup;
			children = (
				5005B4CC25BD3199008AC0CC /* Base */,
			);
			name = Main.storyboard;
			sourceTree = "<group>";
		};
		5005B4D325BD319C008AC0CC /* LaunchScreen.storyboard */ = {
			isa = PBXVariantGroup;
			children = (
				5005B4D425BD319C008AC0CC /* Base */,
			);
			name = LaunchScreen.storyboard;
			sourceTree = "<group>";
		};
/* End PBXVariantGroup section */

/* Begin XCBuildConfiguration section */
		5005B4ED25BD319C008AC0CC /* Debug */ = {
			isa = XCBuildConfiguration;
			buildSettings = {
				ALWAYS_SEARCH_USER_PATHS = NO;
				CLANG_ANALYZER_NONNULL = YES;
				CLANG_ANALYZER_NUMBER_OBJECT_CONVERSION = YES_AGGRESSIVE;
				CLANG_CXX_LANGUAGE_STANDARD = "gnu++14";
				CLANG_CXX_LIBRARY = "libc++";
				CLANG_ENABLE_MODULES = YES;
				CLANG_ENABLE_OBJC_ARC = YES;
				CLANG_ENABLE_OBJC_WEAK = YES;
				CLANG_WARN_BLOCK_CAPTURE_AUTORELEASING = YES;
				CLANG_WARN_BOOL_CONVERSION = YES;
				CLANG_WARN_COMMA = YES;
				CLANG_WARN_CONSTANT_CONVERSION = YES;
				CLANG_WARN_DEPRECATED_OBJC_IMPLEMENTATIONS = YES;
				CLANG_WARN_DIRECT_OBJC_ISA_USAGE = YES_ERROR;
				CLANG_WARN_DOCUMENTATION_COMMENTS = YES;
				CLANG_WARN_EMPTY_BODY = YES;
				CLANG_WARN_ENUM_CONVERSION = YES;
				CLANG_WARN_INFINITE_RECURSION = YES;
				CLANG_WARN_INT_CONVERSION = YES;
				CLANG_WARN_NON_LITERAL_NULL_CONVERSION = YES;
				CLANG_WARN_OBJC_IMPLICIT_RETAIN_SELF = YES;
				CLANG_WARN_OBJC_LITERAL_CONVERSION = YES;
				CLANG_WARN_OBJC_ROOT_CLASS = YES_ERROR;
				CLANG_WARN_QUOTED_INCLUDE_IN_FRAMEWORK_HEADER = YES;
				CLANG_WARN_RANGE_LOOP_ANALYSIS = YES;
				CLANG_WARN_STRICT_PROTOTYPES = YES;
				CLANG_WARN_SUSPICIOUS_MOVE = YES;
				CLANG_WARN_UNGUARDED_AVAILABILITY = YES_AGGRESSIVE;
				CLANG_WARN_UNREACHABLE_CODE = YES;
				CLANG_WARN__DUPLICATE_METHOD_MATCH = YES;
				COPY_PHASE_STRIP = NO;
				DEBUG_INFORMATION_FORMAT = dwarf;
				ENABLE_STRICT_OBJC_MSGSEND = YES;
				ENABLE_TESTABILITY = YES;
				GCC_C_LANGUAGE_STANDARD = gnu11;
				GCC_DYNAMIC_NO_PIC = NO;
				GCC_NO_COMMON_BLOCKS = YES;
				GCC_OPTIMIZATION_LEVEL = 0;
				GCC_PREPROCESSOR_DEFINITIONS = (
					"DEBUG=1",
					"$(inherited)",
				);
				GCC_WARN_64_TO_32_BIT_CONVERSION = YES;
				GCC_WARN_ABOUT_RETURN_TYPE = YES_ERROR;
				GCC_WARN_UNDECLARED_SELECTOR = YES;
				GCC_WARN_UNINITIALIZED_AUTOS = YES_AGGRESSIVE;
				GCC_WARN_UNUSED_FUNCTION = YES;
				GCC_WARN_UNUSED_VARIABLE = YES;
				IPHONEOS_DEPLOYMENT_TARGET = 14.3;
				MTL_ENABLE_DEBUG_INFO = INCLUDE_SOURCE;
				MTL_FAST_MATH = YES;
				ONLY_ACTIVE_ARCH = YES;
				SDKROOT = iphoneos;
				SWIFT_ACTIVE_COMPILATION_CONDITIONS = DEBUG;
				SWIFT_OPTIMIZATION_LEVEL = "-Onone";
			};
			name = Debug;
		};
		5005B4EE25BD319C008AC0CC /* Release */ = {
			isa = XCBuildConfiguration;
			buildSettings = {
				ALWAYS_SEARCH_USER_PATHS = NO;
				CLANG_ANALYZER_NONNULL = YES;
				CLANG_ANALYZER_NUMBER_OBJECT_CONVERSION = YES_AGGRESSIVE;
				CLANG_CXX_LANGUAGE_STANDARD = "gnu++14";
				CLANG_CXX_LIBRARY = "libc++";
				CLANG_ENABLE_MODULES = YES;
				CLANG_ENABLE_OBJC_ARC = YES;
				CLANG_ENABLE_OBJC_WEAK = YES;
				CLANG_WARN_BLOCK_CAPTURE_AUTORELEASING = YES;
				CLANG_WARN_BOOL_CONVERSION = YES;
				CLANG_WARN_COMMA = YES;
				CLANG_WARN_CONSTANT_CONVERSION = YES;
				CLANG_WARN_DEPRECATED_OBJC_IMPLEMENTATIONS = YES;
				CLANG_WARN_DIRECT_OBJC_ISA_USAGE = YES_ERROR;
				CLANG_WARN_DOCUMENTATION_COMMENTS = YES;
				CLANG_WARN_EMPTY_BODY = YES;
				CLANG_WARN_ENUM_CONVERSION = YES;
				CLANG_WARN_INFINITE_RECURSION = YES;
				CLANG_WARN_INT_CONVERSION = YES;
				CLANG_WARN_NON_LITERAL_NULL_CONVERSION = YES;
				CLANG_WARN_OBJC_IMPLICIT_RETAIN_SELF = YES;
				CLANG_WARN_OBJC_LITERAL_CONVERSION = YES;
				CLANG_WARN_OBJC_ROOT_CLASS = YES_ERROR;
				CLANG_WARN_QUOTED_INCLUDE_IN_FRAMEWORK_HEADER = YES;
				CLANG_WARN_RANGE_LOOP_ANALYSIS = YES;
				CLANG_WARN_STRICT_PROTOTYPES = YES;
				CLANG_WARN_SUSPICIOUS_MOVE = YES;
				CLANG_WARN_UNGUARDED_AVAILABILITY = YES_AGGRESSIVE;
				CLANG_WARN_UNREACHABLE_CODE = YES;
				CLANG_WARN__DUPLICATE_METHOD_MATCH = YES;
				COPY_PHASE_STRIP = NO;
				DEBUG_INFORMATION_FORMAT = "dwarf-with-dsym";
				ENABLE_NS_ASSERTIONS = NO;
				ENABLE_STRICT_OBJC_MSGSEND = YES;
				GCC_C_LANGUAGE_STANDARD = gnu11;
				GCC_NO_COMMON_BLOCKS = YES;
				GCC_WARN_64_TO_32_BIT_CONVERSION = YES;
				GCC_WARN_ABOUT_RETURN_TYPE = YES_ERROR;
				GCC_WARN_UNDECLARED_SELECTOR = YES;
				GCC_WARN_UNINITIALIZED_AUTOS = YES_AGGRESSIVE;
				GCC_WARN_UNUSED_FUNCTION = YES;
				GCC_WARN_UNUSED_VARIABLE = YES;
				IPHONEOS_DEPLOYMENT_TARGET = 14.3;
				MTL_ENABLE_DEBUG_INFO = NO;
				MTL_FAST_MATH = YES;
				SDKROOT = iphoneos;
				SWIFT_COMPILATION_MODE = wholemodule;
				SWIFT_OPTIMIZATION_LEVEL = "-O";
				VALIDATE_PRODUCT = YES;
			};
			name = Release;
		};
		5005B4F025BD319C008AC0CC /* Debug */ = {
			isa = XCBuildConfiguration;
			baseConfigurationReference = C5B8AC1FBEEB093189F840F5 /* Pods-Vocabear.debug.xcconfig */;
			buildSettings = {
				ASSETCATALOG_COMPILER_APPICON_NAME = AppIcon;
				ASSETCATALOG_COMPILER_GLOBAL_ACCENT_COLOR_NAME = AccentColor;
				CODE_SIGN_STYLE = Automatic;
				DEVELOPMENT_TEAM = KNZQ8XKM8S;
				INFOPLIST_FILE = Vocabear/Info.plist;
				LD_RUNPATH_SEARCH_PATHS = (
					"$(inherited)",
					"@executable_path/Frameworks",
				);
				PRODUCT_BUNDLE_IDENTIFIER = com.levmartens.vocabear.Vocabear;
				PRODUCT_NAME = "$(TARGET_NAME)";
				SWIFT_VERSION = 5.0;
				TARGETED_DEVICE_FAMILY = "1,2";
			};
			name = Debug;
		};
		5005B4F125BD319C008AC0CC /* Release */ = {
			isa = XCBuildConfiguration;
			baseConfigurationReference = 4D820D83E4F2790C26959B8C /* Pods-Vocabear.release.xcconfig */;
			buildSettings = {
				ASSETCATALOG_COMPILER_APPICON_NAME = AppIcon;
				ASSETCATALOG_COMPILER_GLOBAL_ACCENT_COLOR_NAME = AccentColor;
				CODE_SIGN_STYLE = Automatic;
				DEVELOPMENT_TEAM = KNZQ8XKM8S;
				INFOPLIST_FILE = Vocabear/Info.plist;
				LD_RUNPATH_SEARCH_PATHS = (
					"$(inherited)",
					"@executable_path/Frameworks",
				);
				PRODUCT_BUNDLE_IDENTIFIER = com.levmartens.vocabear.Vocabear;
				PRODUCT_NAME = "$(TARGET_NAME)";
				SWIFT_VERSION = 5.0;
				TARGETED_DEVICE_FAMILY = "1,2";
			};
			name = Release;
		};
		5005B4F325BD319C008AC0CC /* Debug */ = {
			isa = XCBuildConfiguration;
			baseConfigurationReference = BF2F0C5D1B6B9AEE1A022B67 /* Pods-VocabearTests.debug.xcconfig */;
			buildSettings = {
				ALWAYS_EMBED_SWIFT_STANDARD_LIBRARIES = YES;
				BUNDLE_LOADER = "$(TEST_HOST)";
				CODE_SIGN_STYLE = Automatic;
				DEVELOPMENT_TEAM = KNZQ8XKM8S;
				INFOPLIST_FILE = VocabearTests/Info.plist;
				IPHONEOS_DEPLOYMENT_TARGET = 14.3;
				LD_RUNPATH_SEARCH_PATHS = (
					"$(inherited)",
					"@executable_path/Frameworks",
					"@loader_path/Frameworks",
				);
				PRODUCT_BUNDLE_IDENTIFIER = com.levmartens.vocabear.VocabearTests;
				PRODUCT_NAME = "$(TARGET_NAME)";
				SWIFT_VERSION = 5.0;
				TARGETED_DEVICE_FAMILY = "1,2";
				TEST_HOST = "$(BUILT_PRODUCTS_DIR)/Vocabear.app/Vocabear";
			};
			name = Debug;
		};
		5005B4F425BD319C008AC0CC /* Release */ = {
			isa = XCBuildConfiguration;
			baseConfigurationReference = 713465BBE288FD960CEC0FE6 /* Pods-VocabearTests.release.xcconfig */;
			buildSettings = {
				ALWAYS_EMBED_SWIFT_STANDARD_LIBRARIES = YES;
				BUNDLE_LOADER = "$(TEST_HOST)";
				CODE_SIGN_STYLE = Automatic;
				DEVELOPMENT_TEAM = KNZQ8XKM8S;
				INFOPLIST_FILE = VocabearTests/Info.plist;
				IPHONEOS_DEPLOYMENT_TARGET = 14.3;
				LD_RUNPATH_SEARCH_PATHS = (
					"$(inherited)",
					"@executable_path/Frameworks",
					"@loader_path/Frameworks",
				);
				PRODUCT_BUNDLE_IDENTIFIER = com.levmartens.vocabear.VocabearTests;
				PRODUCT_NAME = "$(TARGET_NAME)";
				SWIFT_VERSION = 5.0;
				TARGETED_DEVICE_FAMILY = "1,2";
				TEST_HOST = "$(BUILT_PRODUCTS_DIR)/Vocabear.app/Vocabear";
			};
			name = Release;
		};
		5005B4F625BD319C008AC0CC /* Debug */ = {
			isa = XCBuildConfiguration;
			baseConfigurationReference = 6C0BB68FC03D5B6BA69CBD67 /* Pods-Vocabear-VocabearUITests.debug.xcconfig */;
			buildSettings = {
				ALWAYS_EMBED_SWIFT_STANDARD_LIBRARIES = YES;
				CODE_SIGN_STYLE = Automatic;
				DEVELOPMENT_TEAM = KNZQ8XKM8S;
				INFOPLIST_FILE = VocabearUITests/Info.plist;
				LD_RUNPATH_SEARCH_PATHS = (
					"$(inherited)",
					"@executable_path/Frameworks",
					"@loader_path/Frameworks",
				);
				PRODUCT_BUNDLE_IDENTIFIER = com.levmartens.vocabear.VocabearUITests;
				PRODUCT_NAME = "$(TARGET_NAME)";
				SWIFT_VERSION = 5.0;
				TARGETED_DEVICE_FAMILY = "1,2";
				TEST_TARGET_NAME = Vocabear;
			};
			name = Debug;
		};
		5005B4F725BD319C008AC0CC /* Release */ = {
			isa = XCBuildConfiguration;
			baseConfigurationReference = 66353DB0DA2125F2BCC500EE /* Pods-Vocabear-VocabearUITests.release.xcconfig */;
			buildSettings = {
				ALWAYS_EMBED_SWIFT_STANDARD_LIBRARIES = YES;
				CODE_SIGN_STYLE = Automatic;
				DEVELOPMENT_TEAM = KNZQ8XKM8S;
				INFOPLIST_FILE = VocabearUITests/Info.plist;
				LD_RUNPATH_SEARCH_PATHS = (
					"$(inherited)",
					"@executable_path/Frameworks",
					"@loader_path/Frameworks",
				);
				PRODUCT_BUNDLE_IDENTIFIER = com.levmartens.vocabear.VocabearUITests;
				PRODUCT_NAME = "$(TARGET_NAME)";
				SWIFT_VERSION = 5.0;
				TARGETED_DEVICE_FAMILY = "1,2";
				TEST_TARGET_NAME = Vocabear;
			};
			name = Release;
		};
/* End XCBuildConfiguration section */

/* Begin XCConfigurationList section */
		5005B4BD25BD3199008AC0CC /* Build configuration list for PBXProject "Vocabear" */ = {
			isa = XCConfigurationList;
			buildConfigurations = (
				5005B4ED25BD319C008AC0CC /* Debug */,
				5005B4EE25BD319C008AC0CC /* Release */,
			);
			defaultConfigurationIsVisible = 0;
			defaultConfigurationName = Release;
		};
		5005B4EF25BD319C008AC0CC /* Build configuration list for PBXNativeTarget "Vocabear" */ = {
			isa = XCConfigurationList;
			buildConfigurations = (
				5005B4F025BD319C008AC0CC /* Debug */,
				5005B4F125BD319C008AC0CC /* Release */,
			);
			defaultConfigurationIsVisible = 0;
			defaultConfigurationName = Release;
		};
		5005B4F225BD319C008AC0CC /* Build configuration list for PBXNativeTarget "VocabearTests" */ = {
			isa = XCConfigurationList;
			buildConfigurations = (
				5005B4F325BD319C008AC0CC /* Debug */,
				5005B4F425BD319C008AC0CC /* Release */,
			);
			defaultConfigurationIsVisible = 0;
			defaultConfigurationName = Release;
		};
		5005B4F525BD319C008AC0CC /* Build configuration list for PBXNativeTarget "VocabearUITests" */ = {
			isa = XCConfigurationList;
			buildConfigurations = (
				5005B4F625BD319C008AC0CC /* Debug */,
				5005B4F725BD319C008AC0CC /* Release */,
			);
			defaultConfigurationIsVisible = 0;
			defaultConfigurationName = Release;
		};
/* End XCConfigurationList section */

/* Begin XCVersionGroup section */
		5005B4CE25BD3199008AC0CC /* Vocabear.xcdatamodeld */ = {
			isa = XCVersionGroup;
			children = (
				5005B4CF25BD3199008AC0CC /* Vocabear.xcdatamodel */,
			);
			currentVersion = 5005B4CF25BD3199008AC0CC /* Vocabear.xcdatamodel */;
			path = Vocabear.xcdatamodeld;
			sourceTree = "<group>";
			versionGroupType = wrapper.xcdatamodel;
		};
/* End XCVersionGroup section */
	};
	rootObject = 5005B4BA25BD3199008AC0CC /* Project object */;
}
