// !$*UTF8*$!
{
	archiveVersion = 1;
	classes = {
	};
	objectVersion = 50;
	objects = {

/* Begin PBXBuildFile section */
		5005B4C625BD3199008AC0CC /* AppDelegate.swift in Sources */ = {isa = PBXBuildFile; fileRef = 5005B4C525BD3199008AC0CC /* AppDelegate.swift */; };
		5005B4C825BD3199008AC0CC /* SceneDelegate.swift in Sources */ = {isa = PBXBuildFile; fileRef = 5005B4C725BD3199008AC0CC /* SceneDelegate.swift */; };
		5005B4CA25BD3199008AC0CC /* ViewController.swift in Sources */ = {isa = PBXBuildFile; fileRef = 5005B4C925BD3199008AC0CC /* ViewController.swift */; };
		5005B4CD25BD3199008AC0CC /* Main.storyboard in Resources */ = {isa = PBXBuildFile; fileRef = 5005B4CB25BD3199008AC0CC /* Main.storyboard */; };
		5005B4D025BD3199008AC0CC /* Vocabear.xcdatamodeld in Sources */ = {isa = PBXBuildFile; fileRef = 5005B4CE25BD3199008AC0CC /* Vocabear.xcdatamodeld */; };
		5005B4D225BD319C008AC0CC /* Assets.xcassets in Resources */ = {isa = PBXBuildFile; fileRef = 5005B4D125BD319C008AC0CC /* Assets.xcassets */; };
		5005B4D525BD319C008AC0CC /* LaunchScreen.storyboard in Resources */ = {isa = PBXBuildFile; fileRef = 5005B4D325BD319C008AC0CC /* LaunchScreen.storyboard */; };
		5005B4E025BD319C008AC0CC /* VocabearTests.swift in Sources */ = {isa = PBXBuildFile; fileRef = 5005B4DF25BD319C008AC0CC /* VocabearTests.swift */; };
		5005B4EB25BD319C008AC0CC /* VocabearUITests.swift in Sources */ = {isa = PBXBuildFile; fileRef = 5005B4EA25BD319C008AC0CC /* VocabearUITests.swift */; };
/* End PBXBuildFile section */

/* Begin PBXContainerItemProxy section */
		5005B4DC25BD319C008AC0CC /* PBXContainerItemProxy */ = {
			isa = PBXContainerItemProxy;
			containerPortal = 5005B4BA25BD3199008AC0CC /* Project object */;
			proxyType = 1;
			remoteGlobalIDString = 5005B4C125BD3199008AC0CC;
			remoteInfo = Vocabear;
		};
		5005B4E725BD319C008AC0CC /* PBXContainerItemProxy */ = {
			isa = PBXContainerItemProxy;
			containerPortal = 5005B4BA25BD3199008AC0CC /* Project object */;
			proxyType = 1;
			remoteGlobalIDString = 5005B4C125BD3199008AC0CC;
			remoteInfo = Vocabear;
		};
/* End PBXContainerItemProxy section */

/* Begin PBXFileReference section */
		5005B4C225BD3199008AC0CC /* Vocabear.app */ = {isa = PBXFileReference; explicitFileType = wrapper.application; includeInIndex = 0; path = Vocabear.app; sourceTree = BUILT_PRODUCTS_DIR; };
		5005B4C525BD3199008AC0CC /* AppDelegate.swift */ = {isa = PBXFileReference; lastKnownFileType = sourcecode.swift; path = AppDelegate.swift; sourceTree = "<group>"; };
		5005B4C725BD3199008AC0CC /* SceneDelegate.swift */ = {isa = PBXFileReference; lastKnownFileType = sourcecode.swift; path = SceneDelegate.swift; sourceTree = "<group>"; };
		5005B4C925BD3199008AC0CC /* ViewController.swift */ = {isa = PBXFileReference; lastKnownFileType = sourcecode.swift; path = ViewController.swift; sourceTree = "<group>"; };
		5005B4CC25BD3199008AC0CC /* Base */ = {isa = PBXFileReference; lastKnownFileType = file.storyboard; name = Base; path = Base.lproj/Main.storyboard; sourceTree = "<group>"; };
		5005B4CF25BD3199008AC0CC /* Vocabear.xcdatamodel */ = {isa = PBXFileReference; lastKnownFileType = wrapper.xcdatamodel; path = Vocabear.xcdatamodel; sourceTree = "<group>"; };
		5005B4D125BD319C008AC0CC /* Assets.xcassets */ = {isa = PBXFileReference; lastKnownFileType = folder.assetcatalog; path = Assets.xcassets; sourceTree = "<group>"; };
		5005B4D425BD319C008AC0CC /* Base */ = {isa = PBXFileReference; lastKnownFileType = file.storyboard; name = Base; path = Base.lproj/LaunchScreen.storyboard; sourceTree = "<group>"; };
		5005B4D625BD319C008AC0CC /* Info.plist */ = {isa = PBXFileReference; lastKnownFileType = text.plist.xml; path = Info.plist; sourceTree = "<group>"; };
		5005B4DB25BD319C008AC0CC /* VocabearTests.xctest */ = {isa = PBXFileReference; explicitFileType = wrapper.cfbundle; includeInIndex = 0; path = VocabearTests.xctest; sourceTree = BUILT_PRODUCTS_DIR; };
		5005B4DF25BD319C008AC0CC /* VocabearTests.swift */ = {isa = PBXFileReference; lastKnownFileType = sourcecode.swift; path = VocabearTests.swift; sourceTree = "<group>"; };
		5005B4E125BD319C008AC0CC /* Info.plist */ = {isa = PBXFileReference; lastKnownFileType = text.plist.xml; path = Info.plist; sourceTree = "<group>"; };
		5005B4E625BD319C008AC0CC /* VocabearUITests.xctest */ = {isa = PBXFileReference; explicitFileType = wrapper.cfbundle; includeInIndex = 0; path = VocabearUITests.xctest; sourceTree = BUILT_PRODUCTS_DIR; };
		5005B4EA25BD319C008AC0CC /* VocabearUITests.swift */ = {isa = PBXFileReference; lastKnownFileType = sourcecode.swift; path = VocabearUITests.swift; sourceTree = "<group>"; };
		5005B4EC25BD319C008AC0CC /* Info.plist */ = {isa = PBXFileReference; lastKnownFileType = text.plist.xml; path = Info.plist; sourceTree = "<group>"; };
/* End PBXFileReference section */

/* Begin PBXFrameworksBuildPhase section */
		5005B4BF25BD3199008AC0CC /* Frameworks */ = {
			isa = PBXFrameworksBuildPhase;
			buildActionMask = 2147483647;
			files = (
			);
			runOnlyForDeploymentPostprocessing = 0;
		};
		5005B4D825BD319C008AC0CC /* Frameworks */ = {
			isa = PBXFrameworksBuildPhase;
			buildActionMask = 2147483647;
			files = (
			);
			runOnlyForDeploymentPostprocessing = 0;
		};
		5005B4E325BD319C008AC0CC /* Frameworks */ = {
			isa = PBXFrameworksBuildPhase;
			buildActionMask = 2147483647;
			files = (
			);
			runOnlyForDeploymentPostprocessing = 0;
		};
/* End PBXFrameworksBuildPhase section */

/* Begin PBXGroup section */
		5005B4B925BD3199008AC0CC = {
			isa = PBXGroup;
			children = (
				5005B4C425BD3199008AC0CC /* Vocabear */,
				5005B4DE25BD319C008AC0CC /* VocabearTests */,
				5005B4E925BD319C008AC0CC /* VocabearUITests */,
				5005B4C325BD3199008AC0CC /* Products */,
			);
			sourceTree = "<group>";
		};
		5005B4C325BD3199008AC0CC /* Products */ = {
			isa = PBXGroup;
			children = (
				5005B4C225BD3199008AC0CC /* Vocabear.app */,
				5005B4DB25BD319C008AC0CC /* VocabearTests.xctest */,
				5005B4E625BD319C008AC0CC /* VocabearUITests.xctest */,
			);
			name = Products;
			sourceTree = "<group>";
		};
		5005B4C425BD3199008AC0CC /* Vocabear */ = {
			isa = PBXGroup;
			children = (
				5005B4C525BD3199008AC0CC /* AppDelegate.swift */,
				5005B4C725BD3199008AC0CC /* SceneDelegate.swift */,
				5005B4C925BD3199008AC0CC /* ViewController.swift */,
				5005B4CB25BD3199008AC0CC /* Main.storyboard */,
				5005B4D125BD319C008AC0CC /* Assets.xcassets */,
				5005B4D325BD319C008AC0CC /* LaunchScreen.storyboard */,
				5005B4D625BD319C008AC0CC /* Info.plist */,
				5005B4CE25BD3199008AC0CC /* Vocabear.xcdatamodeld */,
			);
			path = Vocabear;
			sourceTree = "<group>";
		};
		5005B4DE25BD319C008AC0CC /* VocabearTests */ = {
			isa = PBXGroup;
			children = (
				5005B4DF25BD319C008AC0CC /* VocabearTests.swift */,
				5005B4E125BD319C008AC0CC /* Info.plist */,
			);
			path = VocabearTests;
			sourceTree = "<group>";
		};
		5005B4E925BD319C008AC0CC /* VocabearUITests */ = {
			isa = PBXGroup;
			children = (
				5005B4EA25BD319C008AC0CC /* VocabearUITests.swift */,
				5005B4EC25BD319C008AC0CC /* Info.plist */,
			);
			path = VocabearUITests;
			sourceTree = "<group>";
		};
/* End PBXGroup section */

/* Begin PBXNativeTarget section */
		5005B4C125BD3199008AC0CC /* Vocabear */ = {
			isa = PBXNativeTarget;
			buildConfigurationList = 5005B4EF25BD319C008AC0CC /* Build configuration list for PBXNativeTarget "Vocabear" */;
			buildPhases = (
				5005B4BE25BD3199008AC0CC /* Sources */,
				5005B4BF25BD3199008AC0CC /* Frameworks */,
				5005B4C025BD3199008AC0CC /* Resources */,
			);
			buildRules = (
			);
			dependencies = (
			);
			name = Vocabear;
			productName = Vocabear;
			productReference = 5005B4C225BD3199008AC0CC /* Vocabear.app */;
			productType = "com.apple.product-type.application";
		};
		5005B4DA25BD319C008AC0CC /* VocabearTests */ = {
			isa = PBXNativeTarget;
			buildConfigurationList = 5005B4F225BD319C008AC0CC /* Build configuration list for PBXNativeTarget "VocabearTests" */;
			buildPhases = (
				5005B4D725BD319C008AC0CC /* Sources */,
				5005B4D825BD319C008AC0CC /* Frameworks */,
				5005B4D925BD319C008AC0CC /* Resources */,
			);
			buildRules = (
			);
			dependencies = (
				5005B4DD25BD319C008AC0CC /* PBXTargetDependency */,
			);
			name = VocabearTests;
			productName = VocabearTests;
			productReference = 5005B4DB25BD319C008AC0CC /* VocabearTests.xctest */;
			productType = "com.apple.product-type.bundle.unit-test";
		};
		5005B4E525BD319C008AC0CC /* VocabearUITests */ = {
			isa = PBXNativeTarget;
			buildConfigurationList = 5005B4F525BD319C008AC0CC /* Build configuration list for PBXNativeTarget "VocabearUITests" */;
			buildPhases = (
				5005B4E225BD319C008AC0CC /* Sources */,
				5005B4E325BD319C008AC0CC /* Frameworks */,
				5005B4E425BD319C008AC0CC /* Resources */,
			);
			buildRules = (
			);
			dependencies = (
				5005B4E825BD319C008AC0CC /* PBXTargetDependency */,
			);
			name = VocabearUITests;
			productName = VocabearUITests;
			productReference = 5005B4E625BD319C008AC0CC /* VocabearUITests.xctest */;
			productType = "com.apple.product-type.bundle.ui-testing";
		};
/* End PBXNativeTarget section */

/* Begin PBXProject section */
		5005B4BA25BD3199008AC0CC /* Project object */ = {
			isa = PBXProject;
			attributes = {
				LastSwiftUpdateCheck = 1230;
				LastUpgradeCheck = 1230;
				TargetAttributes = {
					5005B4C125BD3199008AC0CC = {
						CreatedOnToolsVersion = 12.3;
					};
					5005B4DA25BD319C008AC0CC = {
						CreatedOnToolsVersion = 12.3;
						TestTargetID = 5005B4C125BD3199008AC0CC;
					};
					5005B4E525BD319C008AC0CC = {
						CreatedOnToolsVersion = 12.3;
						TestTargetID = 5005B4C125BD3199008AC0CC;
					};
				};
			};
			buildConfigurationList = 5005B4BD25BD3199008AC0CC /* Build configuration list for PBXProject "Vocabear" */;
			compatibilityVersion = "Xcode 9.3";
			developmentRegion = en;
			hasScannedForEncodings = 0;
			knownRegions = (
				en,
				Base,
			);
			mainGroup = 5005B4B925BD3199008AC0CC;
			productRefGroup = 5005B4C325BD3199008AC0CC /* Products */;
			projectDirPath = "";
			projectRoot = "";
			targets = (
				5005B4C125BD3199008AC0CC /* Vocabear */,
				5005B4DA25BD319C008AC0CC /* VocabearTests */,
				5005B4E525BD319C008AC0CC /* VocabearUITests */,
			);
		};
/* End PBXProject section */

/* Begin PBXResourcesBuildPhase section */
		5005B4C025BD3199008AC0CC /* Resources */ = {
			isa = PBXResourcesBuildPhase;
			buildActionMask = 2147483647;
			files = (
				5005B4D525BD319C008AC0CC /* LaunchScreen.storyboard in Resources */,
				5005B4D225BD319C008AC0CC /* Assets.xcassets in Resources */,
				5005B4CD25BD3199008AC0CC /* Main.storyboard in Resources */,
			);
			runOnlyForDeploymentPostprocessing = 0;
		};
		5005B4D925BD319C008AC0CC /* Resources */ = {
			isa = PBXResourcesBuildPhase;
			buildActionMask = 2147483647;
			files = (
			);
			runOnlyForDeploymentPostprocessing = 0;
		};
		5005B4E425BD319C008AC0CC /* Resources */ = {
			isa = PBXResourcesBuildPhase;
			buildActionMask = 2147483647;
			files = (
			);
			runOnlyForDeploymentPostprocessing = 0;
		};
/* End PBXResourcesBuildPhase section */

/* Begin PBXSourcesBuildPhase section */
		5005B4BE25BD3199008AC0CC /* Sources */ = {
			isa = PBXSourcesBuildPhase;
			buildActionMask = 2147483647;
			files = (
				5005B4D025BD3199008AC0CC /* Vocabear.xcdatamodeld in Sources */,
				5005B4CA25BD3199008AC0CC /* ViewController.swift in Sources */,
				5005B4C625BD3199008AC0CC /* AppDelegate.swift in Sources */,
				5005B4C825BD3199008AC0CC /* SceneDelegate.swift in Sources */,
			);
			runOnlyForDeploymentPostprocessing = 0;
		};
		5005B4D725BD319C008AC0CC /* Sources */ = {
			isa = PBXSourcesBuildPhase;
			buildActionMask = 2147483647;
			files = (
				5005B4E025BD319C008AC0CC /* VocabearTests.swift in Sources */,
			);
			runOnlyForDeploymentPostprocessing = 0;
		};
		5005B4E225BD319C008AC0CC /* Sources */ = {
			isa = PBXSourcesBuildPhase;
			buildActionMask = 2147483647;
			files = (
				5005B4EB25BD319C008AC0CC /* VocabearUITests.swift in Sources */,
			);
			runOnlyForDeploymentPostprocessing = 0;
		};
/* End PBXSourcesBuildPhase section */

/* Begin PBXTargetDependency section */
		5005B4DD25BD319C008AC0CC /* PBXTargetDependency */ = {
			isa = PBXTargetDependency;
			target = 5005B4C125BD3199008AC0CC /* Vocabear */;
			targetProxy = 5005B4DC25BD319C008AC0CC /* PBXContainerItemProxy */;
		};
		5005B4E825BD319C008AC0CC /* PBXTargetDependency */ = {
			isa = PBXTargetDependency;
			target = 5005B4C125BD3199008AC0CC /* Vocabear */;
			targetProxy = 5005B4E725BD319C008AC0CC /* PBXContainerItemProxy */;
		};
/* End PBXTargetDependency section */

/* Begin PBXVariantGroup section */
		5005B4CB25BD3199008AC0CC /* Main.storyboard */ = {
			isa = PBXVariantGroup;
			children = (
				5005B4CC25BD3199008AC0CC /* Base */,
			);
			name = Main.storyboard;
			sourceTree = "<group>";
		};
		5005B4D325BD319C008AC0CC /* LaunchScreen.storyboard */ = {
			isa = PBXVariantGroup;
			children = (
				5005B4D425BD319C008AC0CC /* Base */,
			);
			name = LaunchScreen.storyboard;
			sourceTree = "<group>";
		};
/* End PBXVariantGroup section */

/* Begin XCBuildConfiguration section */
		5005B4ED25BD319C008AC0CC /* Debug */ = {
			isa = XCBuildConfiguration;
			buildSettings = {
				ALWAYS_SEARCH_USER_PATHS = NO;
				CLANG_ANALYZER_NONNULL = YES;
				CLANG_ANALYZER_NUMBER_OBJECT_CONVERSION = YES_AGGRESSIVE;
				CLANG_CXX_LANGUAGE_STANDARD = "gnu++14";
				CLANG_CXX_LIBRARY = "libc++";
				CLANG_ENABLE_MODULES = YES;
				CLANG_ENABLE_OBJC_ARC = YES;
				CLANG_ENABLE_OBJC_WEAK = YES;
				CLANG_WARN_BLOCK_CAPTURE_AUTORELEASING = YES;
				CLANG_WARN_BOOL_CONVERSION = YES;
				CLANG_WARN_COMMA = YES;
				CLANG_WARN_CONSTANT_CONVERSION = YES;
				CLANG_WARN_DEPRECATED_OBJC_IMPLEMENTATIONS = YES;
				CLANG_WARN_DIRECT_OBJC_ISA_USAGE = YES_ERROR;
				CLANG_WARN_DOCUMENTATION_COMMENTS = YES;
				CLANG_WARN_EMPTY_BODY = YES;
				CLANG_WARN_ENUM_CONVERSION = YES;
				CLANG_WARN_INFINITE_RECURSION = YES;
				CLANG_WARN_INT_CONVERSION = YES;
				CLANG_WARN_NON_LITERAL_NULL_CONVERSION = YES;
				CLANG_WARN_OBJC_IMPLICIT_RETAIN_SELF = YES;
				CLANG_WARN_OBJC_LITERAL_CONVERSION = YES;
				CLANG_WARN_OBJC_ROOT_CLASS = YES_ERROR;
				CLANG_WARN_QUOTED_INCLUDE_IN_FRAMEWORK_HEADER = YES;
				CLANG_WARN_RANGE_LOOP_ANALYSIS = YES;
				CLANG_WARN_STRICT_PROTOTYPES = YES;
				CLANG_WARN_SUSPICIOUS_MOVE = YES;
				CLANG_WARN_UNGUARDED_AVAILABILITY = YES_AGGRESSIVE;
				CLANG_WARN_UNREACHABLE_CODE = YES;
				CLANG_WARN__DUPLICATE_METHOD_MATCH = YES;
				COPY_PHASE_STRIP = NO;
				DEBUG_INFORMATION_FORMAT = dwarf;
				ENABLE_STRICT_OBJC_MSGSEND = YES;
				ENABLE_TESTABILITY = YES;
				GCC_C_LANGUAGE_STANDARD = gnu11;
				GCC_DYNAMIC_NO_PIC = NO;
				GCC_NO_COMMON_BLOCKS = YES;
				GCC_OPTIMIZATION_LEVEL = 0;
				GCC_PREPROCESSOR_DEFINITIONS = (
					"DEBUG=1",
					"$(inherited)",
				);
				GCC_WARN_64_TO_32_BIT_CONVERSION = YES;
				GCC_WARN_ABOUT_RETURN_TYPE = YES_ERROR;
				GCC_WARN_UNDECLARED_SELECTOR = YES;
				GCC_WARN_UNINITIALIZED_AUTOS = YES_AGGRESSIVE;
				GCC_WARN_UNUSED_FUNCTION = YES;
				GCC_WARN_UNUSED_VARIABLE = YES;
				IPHONEOS_DEPLOYMENT_TARGET = 14.3;
				MTL_ENABLE_DEBUG_INFO = INCLUDE_SOURCE;
				MTL_FAST_MATH = YES;
				ONLY_ACTIVE_ARCH = YES;
				SDKROOT = iphoneos;
				SWIFT_ACTIVE_COMPILATION_CONDITIONS = DEBUG;
				SWIFT_OPTIMIZATION_LEVEL = "-Onone";
			};
			name = Debug;
		};
		5005B4EE25BD319C008AC0CC /* Release */ = {
			isa = XCBuildConfiguration;
			buildSettings = {
				ALWAYS_SEARCH_USER_PATHS = NO;
				CLANG_ANALYZER_NONNULL = YES;
				CLANG_ANALYZER_NUMBER_OBJECT_CONVERSION = YES_AGGRESSIVE;
				CLANG_CXX_LANGUAGE_STANDARD = "gnu++14";
				CLANG_CXX_LIBRARY = "libc++";
				CLANG_ENABLE_MODULES = YES;
				CLANG_ENABLE_OBJC_ARC = YES;
				CLANG_ENABLE_OBJC_WEAK = YES;
				CLANG_WARN_BLOCK_CAPTURE_AUTORELEASING = YES;
				CLANG_WARN_BOOL_CONVERSION = YES;
				CLANG_WARN_COMMA = YES;
				CLANG_WARN_CONSTANT_CONVERSION = YES;
				CLANG_WARN_DEPRECATED_OBJC_IMPLEMENTATIONS = YES;
				CLANG_WARN_DIRECT_OBJC_ISA_USAGE = YES_ERROR;
				CLANG_WARN_DOCUMENTATION_COMMENTS = YES;
				CLANG_WARN_EMPTY_BODY = YES;
				CLANG_WARN_ENUM_CONVERSION = YES;
				CLANG_WARN_INFINITE_RECURSION = YES;
				CLANG_WARN_INT_CONVERSION = YES;
				CLANG_WARN_NON_LITERAL_NULL_CONVERSION = YES;
				CLANG_WARN_OBJC_IMPLICIT_RETAIN_SELF = YES;
				CLANG_WARN_OBJC_LITERAL_CONVERSION = YES;
				CLANG_WARN_OBJC_ROOT_CLASS = YES_ERROR;
				CLANG_WARN_QUOTED_INCLUDE_IN_FRAMEWORK_HEADER = YES;
				CLANG_WARN_RANGE_LOOP_ANALYSIS = YES;
				CLANG_WARN_STRICT_PROTOTYPES = YES;
				CLANG_WARN_SUSPICIOUS_MOVE = YES;
				CLANG_WARN_UNGUARDED_AVAILABILITY = YES_AGGRESSIVE;
				CLANG_WARN_UNREACHABLE_CODE = YES;
				CLANG_WARN__DUPLICATE_METHOD_MATCH = YES;
				COPY_PHASE_STRIP = NO;
				DEBUG_INFORMATION_FORMAT = "dwarf-with-dsym";
				ENABLE_NS_ASSERTIONS = NO;
				ENABLE_STRICT_OBJC_MSGSEND = YES;
				GCC_C_LANGUAGE_STANDARD = gnu11;
				GCC_NO_COMMON_BLOCKS = YES;
				GCC_WARN_64_TO_32_BIT_CONVERSION = YES;
				GCC_WARN_ABOUT_RETURN_TYPE = YES_ERROR;
				GCC_WARN_UNDECLARED_SELECTOR = YES;
				GCC_WARN_UNINITIALIZED_AUTOS = YES_AGGRESSIVE;
				GCC_WARN_UNUSED_FUNCTION = YES;
				GCC_WARN_UNUSED_VARIABLE = YES;
				IPHONEOS_DEPLOYMENT_TARGET = 14.3;
				MTL_ENABLE_DEBUG_INFO = NO;
				MTL_FAST_MATH = YES;
				SDKROOT = iphoneos;
				SWIFT_COMPILATION_MODE = wholemodule;
				SWIFT_OPTIMIZATION_LEVEL = "-O";
				VALIDATE_PRODUCT = YES;
			};
			name = Release;
		};
		5005B4F025BD319C008AC0CC /* Debug */ = {
			isa = XCBuildConfiguration;
			buildSettings = {
				ASSETCATALOG_COMPILER_APPICON_NAME = AppIcon;
				ASSETCATALOG_COMPILER_GLOBAL_ACCENT_COLOR_NAME = AccentColor;
				CODE_SIGN_STYLE = Automatic;
				DEVELOPMENT_TEAM = KNZQ8XKM8S;
				INFOPLIST_FILE = Vocabear/Info.plist;
				LD_RUNPATH_SEARCH_PATHS = (
					"$(inherited)",
					"@executable_path/Frameworks",
				);
				PRODUCT_BUNDLE_IDENTIFIER = com.levmartens.vocabear.Vocabear;
				PRODUCT_NAME = "$(TARGET_NAME)";
				SWIFT_VERSION = 5.0;
				TARGETED_DEVICE_FAMILY = "1,2";
			};
			name = Debug;
		};
		5005B4F125BD319C008AC0CC /* Release */ = {
			isa = XCBuildConfiguration;
			buildSettings = {
				ASSETCATALOG_COMPILER_APPICON_NAME = AppIcon;
				ASSETCATALOG_COMPILER_GLOBAL_ACCENT_COLOR_NAME = AccentColor;
				CODE_SIGN_STYLE = Automatic;
				DEVELOPMENT_TEAM = KNZQ8XKM8S;
				INFOPLIST_FILE = Vocabear/Info.plist;
				LD_RUNPATH_SEARCH_PATHS = (
					"$(inherited)",
					"@executable_path/Frameworks",
				);
				PRODUCT_BUNDLE_IDENTIFIER = com.levmartens.vocabear.Vocabear;
				PRODUCT_NAME = "$(TARGET_NAME)";
				SWIFT_VERSION = 5.0;
				TARGETED_DEVICE_FAMILY = "1,2";
			};
			name = Release;
		};
		5005B4F325BD319C008AC0CC /* Debug */ = {
			isa = XCBuildConfiguration;
			buildSettings = {
				ALWAYS_EMBED_SWIFT_STANDARD_LIBRARIES = YES;
				BUNDLE_LOADER = "$(TEST_HOST)";
				CODE_SIGN_STYLE = Automatic;
				DEVELOPMENT_TEAM = KNZQ8XKM8S;
				INFOPLIST_FILE = VocabearTests/Info.plist;
				IPHONEOS_DEPLOYMENT_TARGET = 14.3;
				LD_RUNPATH_SEARCH_PATHS = (
					"$(inherited)",
					"@executable_path/Frameworks",
					"@loader_path/Frameworks",
				);
				PRODUCT_BUNDLE_IDENTIFIER = com.levmartens.vocabear.VocabearTests;
				PRODUCT_NAME = "$(TARGET_NAME)";
				SWIFT_VERSION = 5.0;
				TARGETED_DEVICE_FAMILY = "1,2";
				TEST_HOST = "$(BUILT_PRODUCTS_DIR)/Vocabear.app/Vocabear";
			};
			name = Debug;
		};
		5005B4F425BD319C008AC0CC /* Release */ = {
			isa = XCBuildConfiguration;
			buildSettings = {
				ALWAYS_EMBED_SWIFT_STANDARD_LIBRARIES = YES;
				BUNDLE_LOADER = "$(TEST_HOST)";
				CODE_SIGN_STYLE = Automatic;
				DEVELOPMENT_TEAM = KNZQ8XKM8S;
				INFOPLIST_FILE = VocabearTests/Info.plist;
				IPHONEOS_DEPLOYMENT_TARGET = 14.3;
				LD_RUNPATH_SEARCH_PATHS = (
					"$(inherited)",
					"@executable_path/Frameworks",
					"@loader_path/Frameworks",
				);
				PRODUCT_BUNDLE_IDENTIFIER = com.levmartens.vocabear.VocabearTests;
				PRODUCT_NAME = "$(TARGET_NAME)";
				SWIFT_VERSION = 5.0;
				TARGETED_DEVICE_FAMILY = "1,2";
				TEST_HOST = "$(BUILT_PRODUCTS_DIR)/Vocabear.app/Vocabear";
			};
			name = Release;
		};
		5005B4F625BD319C008AC0CC /* Debug */ = {
			isa = XCBuildConfiguration;
			buildSettings = {
				ALWAYS_EMBED_SWIFT_STANDARD_LIBRARIES = YES;
				CODE_SIGN_STYLE = Automatic;
				DEVELOPMENT_TEAM = KNZQ8XKM8S;
				INFOPLIST_FILE = VocabearUITests/Info.plist;
				LD_RUNPATH_SEARCH_PATHS = (
					"$(inherited)",
					"@executable_path/Frameworks",
					"@loader_path/Frameworks",
				);
				PRODUCT_BUNDLE_IDENTIFIER = com.levmartens.vocabear.VocabearUITests;
				PRODUCT_NAME = "$(TARGET_NAME)";
				SWIFT_VERSION = 5.0;
				TARGETED_DEVICE_FAMILY = "1,2";
				TEST_TARGET_NAME = Vocabear;
			};
			name = Debug;
		};
		5005B4F725BD319C008AC0CC /* Release */ = {
			isa = XCBuildConfiguration;
			buildSettings = {
				ALWAYS_EMBED_SWIFT_STANDARD_LIBRARIES = YES;
				CODE_SIGN_STYLE = Automatic;
				DEVELOPMENT_TEAM = KNZQ8XKM8S;
				INFOPLIST_FILE = VocabearUITests/Info.plist;
				LD_RUNPATH_SEARCH_PATHS = (
					"$(inherited)",
					"@executable_path/Frameworks",
					"@loader_path/Frameworks",
				);
				PRODUCT_BUNDLE_IDENTIFIER = com.levmartens.vocabear.VocabearUITests;
				PRODUCT_NAME = "$(TARGET_NAME)";
				SWIFT_VERSION = 5.0;
				TARGETED_DEVICE_FAMILY = "1,2";
				TEST_TARGET_NAME = Vocabear;
			};
			name = Release;
		};
/* End XCBuildConfiguration section */

/* Begin XCConfigurationList section */
		5005B4BD25BD3199008AC0CC /* Build configuration list for PBXProject "Vocabear" */ = {
			isa = XCConfigurationList;
			buildConfigurations = (
				5005B4ED25BD319C008AC0CC /* Debug */,
				5005B4EE25BD319C008AC0CC /* Release */,
			);
			defaultConfigurationIsVisible = 0;
			defaultConfigurationName = Release;
		};
		5005B4EF25BD319C008AC0CC /* Build configuration list for PBXNativeTarget "Vocabear" */ = {
			isa = XCConfigurationList;
			buildConfigurations = (
				5005B4F025BD319C008AC0CC /* Debug */,
				5005B4F125BD319C008AC0CC /* Release */,
			);
			defaultConfigurationIsVisible = 0;
			defaultConfigurationName = Release;
		};
		5005B4F225BD319C008AC0CC /* Build configuration list for PBXNativeTarget "VocabearTests" */ = {
			isa = XCConfigurationList;
			buildConfigurations = (
				5005B4F325BD319C008AC0CC /* Debug */,
				5005B4F425BD319C008AC0CC /* Release */,
			);
			defaultConfigurationIsVisible = 0;
			defaultConfigurationName = Release;
		};
		5005B4F525BD319C008AC0CC /* Build configuration list for PBXNativeTarget "VocabearUITests" */ = {
			isa = XCConfigurationList;
			buildConfigurations = (
				5005B4F625BD319C008AC0CC /* Debug */,
				5005B4F725BD319C008AC0CC /* Release */,
			);
			defaultConfigurationIsVisible = 0;
			defaultConfigurationName = Release;
		};
/* End XCConfigurationList section */

/* Begin XCVersionGroup section */
		5005B4CE25BD3199008AC0CC /* Vocabear.xcdatamodeld */ = {
			isa = XCVersionGroup;
			children = (
				5005B4CF25BD3199008AC0CC /* Vocabear.xcdatamodel */,
			);
			currentVersion = 5005B4CF25BD3199008AC0CC /* Vocabear.xcdatamodel */;
			path = Vocabear.xcdatamodeld;
			sourceTree = "<group>";
			versionGroupType = wrapper.xcdatamodel;
		};
/* End XCVersionGroup section */
	};
	rootObject = 5005B4BA25BD3199008AC0CC /* Project object */;
}
